// !$*UTF8*$!
{
	archiveVersion = 1;
	classes = {
	};
	objectVersion = 46;
	objects = {

/* Begin PBXBuildFile section */
		84BA8449152512C500AC6A9D /* UIKit.framework in Frameworks */ = {isa = PBXBuildFile; fileRef = 84BA8448152512C500AC6A9D /* UIKit.framework */; };
		84BA844B152512C500AC6A9D /* Foundation.framework in Frameworks */ = {isa = PBXBuildFile; fileRef = 84BA844A152512C500AC6A9D /* Foundation.framework */; };
		84BA844D152512C500AC6A9D /* CoreGraphics.framework in Frameworks */ = {isa = PBXBuildFile; fileRef = 84BA844C152512C500AC6A9D /* CoreGraphics.framework */; };
		84BA8453152512C500AC6A9D /* InfoPlist.strings in Resources */ = {isa = PBXBuildFile; fileRef = 84BA8451152512C500AC6A9D /* InfoPlist.strings */; };
		84BA8455152512C500AC6A9D /* main.m in Sources */ = {isa = PBXBuildFile; fileRef = 84BA8454152512C500AC6A9D /* main.m */; };
		84BA8459152512C500AC6A9D /* KeAppDelegate.m in Sources */ = {isa = PBXBuildFile; fileRef = 84BA8458152512C500AC6A9D /* KeAppDelegate.m */; };
		84BA84611525137A00AC6A9D /* View.m in Sources */ = {isa = PBXBuildFile; fileRef = 84BA84601525137A00AC6A9D /* View.m */; };
		84BA8464152513D800AC6A9D /* LittleView.m in Sources */ = {isa = PBXBuildFile; fileRef = 84BA8463152513D800AC6A9D /* LittleView.m */; };
/* End PBXBuildFile section */

/* Begin PBXFileReference section */
		84BA8444152512C500AC6A9D /* March29.app */ = {isa = PBXFileReference; explicitFileType = wrapper.application; includeInIndex = 0; path = March29.app; sourceTree = BUILT_PRODUCTS_DIR; };
		84BA8448152512C500AC6A9D /* UIKit.framework */ = {isa = PBXFileReference; lastKnownFileType = wrapper.framework; name = UIKit.framework; path = System/Library/Frameworks/UIKit.framework; sourceTree = SDKROOT; };
		84BA844A152512C500AC6A9D /* Foundation.framework */ = {isa = PBXFileReference; lastKnownFileType = wrapper.framework; name = Foundation.framework; path = System/Library/Frameworks/Foundation.framework; sourceTree = SDKROOT; };
		84BA844C152512C500AC6A9D /* CoreGraphics.framework */ = {isa = PBXFileReference; lastKnownFileType = wrapper.framework; name = CoreGraphics.framework; path = System/Library/Frameworks/CoreGraphics.framework; sourceTree = SDKROOT; };
		84BA8450152512C500AC6A9D /* March29-Info.plist */ = {isa = PBXFileReference; lastKnownFileType = text.plist.xml; path = "March29-Info.plist"; sourceTree = "<group>"; };
		84BA8452152512C500AC6A9D /* en */ = {isa = PBXFileReference; lastKnownFileType = text.plist.strings; name = en; path = en.lproj/InfoPlist.strings; sourceTree = "<group>"; };
		84BA8454152512C500AC6A9D /* main.m */ = {isa = PBXFileReference; lastKnownFileType = sourcecode.c.objc; path = main.m; sourceTree = "<group>"; };
		84BA8456152512C500AC6A9D /* March29-Prefix.pch */ = {isa = PBXFileReference; lastKnownFileType = sourcecode.c.h; path = "March29-Prefix.pch"; sourceTree = "<group>"; };
		84BA8457152512C500AC6A9D /* KeAppDelegate.h */ = {isa = PBXFileReference; lastKnownFileType = sourcecode.c.h; path = KeAppDelegate.h; sourceTree = "<group>"; };
		84BA8458152512C500AC6A9D /* KeAppDelegate.m */ = {isa = PBXFileReference; lastKnownFileType = sourcecode.c.objc; path = KeAppDelegate.m; sourceTree = "<group>"; };
		84BA845F1525137A00AC6A9D /* View.h */ = {isa = PBXFileReference; fileEncoding = 4; lastKnownFileType = sourcecode.c.h; path = View.h; sourceTree = "<group>"; };
		84BA84601525137A00AC6A9D /* View.m */ = {isa = PBXFileReference; fileEncoding = 4; lastKnownFileType = sourcecode.c.objc; path = View.m; sourceTree = "<group>"; };
		84BA8462152513D700AC6A9D /* LittleView.h */ = {isa = PBXFileReference; fileEncoding = 4; lastKnownFileType = sourcecode.c.h; path = LittleView.h; sourceTree = "<group>"; };
		84BA8463152513D800AC6A9D /* LittleView.m */ = {isa = PBXFileReference; fileEncoding = 4; lastKnownFileType = sourcecode.c.objc; path = LittleView.m; sourceTree = "<group>"; };
/* End PBXFileReference section */

/* Begin PBXFrameworksBuildPhase section */
		84BA8441152512C500AC6A9D /* Frameworks */ = {
			isa = PBXFrameworksBuildPhase;
			buildActionMask = 2147483647;
			files = (
				84BA8449152512C500AC6A9D /* UIKit.framework in Frameworks */,
				84BA844B152512C500AC6A9D /* Foundation.framework in Frameworks */,
				84BA844D152512C500AC6A9D /* CoreGraphics.framework in Frameworks */,
			);
			runOnlyForDeploymentPostprocessing = 0;
		};
/* End PBXFrameworksBuildPhase section */

/* Begin PBXGroup section */
		84BA8439152512C500AC6A9D = {
			isa = PBXGroup;
			children = (
				84BA844E152512C500AC6A9D /* March29 */,
				84BA8447152512C500AC6A9D /* Frameworks */,
				84BA8445152512C500AC6A9D /* Products */,
			);
			sourceTree = "<group>";
		};
		84BA8445152512C500AC6A9D /* Products */ = {
			isa = PBXGroup;
			children = (
				84BA8444152512C500AC6A9D /* March29.app */,
			);
			name = Products;
			sourceTree = "<group>";
		};
		84BA8447152512C500AC6A9D /* Frameworks */ = {
			isa = PBXGroup;
			children = (
				84BA8448152512C500AC6A9D /* UIKit.framework */,
				84BA844A152512C500AC6A9D /* Foundation.framework */,
				84BA844C152512C500AC6A9D /* CoreGraphics.framework */,
			);
			name = Frameworks;
			sourceTree = "<group>";
		};
		84BA844E152512C500AC6A9D /* March29 */ = {
			isa = PBXGroup;
			children = (
				84BA8457152512C500AC6A9D /* KeAppDelegate.h */,
				84BA845F1525137A00AC6A9D /* View.h */,
				84BA84601525137A00AC6A9D /* View.m */,
				84BA8462152513D700AC6A9D /* LittleView.h */,
				84BA8463152513D800AC6A9D /* LittleView.m */,
				84BA8458152512C500AC6A9D /* KeAppDelegate.m */,
				84BA844F152512C500AC6A9D /* Supporting Files */,
			);
			path = March29;
			sourceTree = "<group>";
		};
		84BA844F152512C500AC6A9D /* Supporting Files */ = {
			isa = PBXGroup;
			children = (
				84BA8450152512C500AC6A9D /* March29-Info.plist */,
				84BA8451152512C500AC6A9D /* InfoPlist.strings */,
				84BA8454152512C500AC6A9D /* main.m */,
				84BA8456152512C500AC6A9D /* March29-Prefix.pch */,
			);
			name = "Supporting Files";
			sourceTree = "<group>";
		};
/* End PBXGroup section */

/* Begin PBXNativeTarget section */
		84BA8443152512C500AC6A9D /* March29 */ = {
			isa = PBXNativeTarget;
			buildConfigurationList = 84BA845C152512C500AC6A9D /* Build configuration list for PBXNativeTarget "March29" */;
			buildPhases = (
				84BA8440152512C500AC6A9D /* Sources */,
				84BA8441152512C500AC6A9D /* Frameworks */,
				84BA8442152512C500AC6A9D /* Resources */,
			);
			buildRules = (
			);
			dependencies = (
			);
			name = March29;
			productName = March29;
			productReference = 84BA8444152512C500AC6A9D /* March29.app */;
			productType = "com.apple.product-type.application";
		};
/* End PBXNativeTarget section */

/* Begin PBXProject section */
		84BA843B152512C500AC6A9D /* Project object */ = {
			isa = PBXProject;
			attributes = {
				CLASSPREFIX = Ke;
				LastUpgradeCheck = 0430;
			};
			buildConfigurationList = 84BA843E152512C500AC6A9D /* Build configuration list for PBXProject "March29" */;
			compatibilityVersion = "Xcode 3.2";
			developmentRegion = English;
			hasScannedForEncodings = 0;
			knownRegions = (
				en,
			);
			mainGroup = 84BA8439152512C500AC6A9D;
			productRefGroup = 84BA8445152512C500AC6A9D /* Products */;
			projectDirPath = "";
			projectRoot = "";
			targets = (
				84BA8443152512C500AC6A9D /* March29 */,
			);
		};
/* End PBXProject section */

/* Begin PBXResourcesBuildPhase section */
		84BA8442152512C500AC6A9D /* Resources */ = {
			isa = PBXResourcesBuildPhase;
			buildActionMask = 2147483647;
			files = (
				84BA8453152512C500AC6A9D /* InfoPlist.strings in Resources */,
			);
			runOnlyForDeploymentPostprocessing = 0;
		};
/* End PBXResourcesBuildPhase section */

/* Begin PBXSourcesBuildPhase section */
		84BA8440152512C500AC6A9D /* Sources */ = {
			isa = PBXSourcesBuildPhase;
			buildActionMask = 2147483647;
			files = (
				84BA8455152512C500AC6A9D /* main.m in Sources */,
				84BA8459152512C500AC6A9D /* KeAppDelegate.m in Sources */,
				84BA84611525137A00AC6A9D /* View.m in Sources */,
				84BA8464152513D800AC6A9D /* LittleView.m in Sources */,
			);
			runOnlyForDeploymentPostprocessing = 0;
		};
/* End PBXSourcesBuildPhase section */

/* Begin PBXVariantGroup section */
		84BA8451152512C500AC6A9D /* InfoPlist.strings */ = {
			isa = PBXVariantGroup;
			children = (
				84BA8452152512C500AC6A9D /* en */,
			);
			name = InfoPlist.strings;
			sourceTree = "<group>";
		};
/* End PBXVariantGroup section */

/* Begin XCBuildConfiguration section */
		84BA845A152512C500AC6A9D /* Debug */ = {
			isa = XCBuildConfiguration;
			buildSettings = {
				ALWAYS_SEARCH_USER_PATHS = NO;
				ARCHS = "$(ARCHS_STANDARD_32_BIT)";
				CLANG_ENABLE_OBJC_ARC = YES;
				"CODE_SIGN_IDENTITY[sdk=iphoneos*]" = "iPhone Developer";
				COPY_PHASE_STRIP = NO;
				GCC_C_LANGUAGE_STANDARD = gnu99;
				GCC_DYNAMIC_NO_PIC = NO;
				GCC_OPTIMIZATION_LEVEL = 0;
				GCC_PREPROCESSOR_DEFINITIONS = (
					"DEBUG=1",
					"$(inherited)",
				);
				GCC_SYMBOLS_PRIVATE_EXTERN = NO;
				GCC_VERSION = com.apple.compilers.llvm.clang.1_0;
				GCC_WARN_ABOUT_RETURN_TYPE = YES;
				GCC_WARN_UNINITIALIZED_AUTOS = YES;
				GCC_WARN_UNUSED_VARIABLE = YES;
				IPHONEOS_DEPLOYMENT_TARGET = 5.1;
				SDKROOT = iphoneos;
			};
			name = Debug;
		};
		84BA845B152512C500AC6A9D /* Release */ = {
			isa = XCBuildConfiguration;
			buildSettings = {
				ALWAYS_SEARCH_USER_PATHS = NO;
				ARCHS = "$(ARCHS_STANDARD_32_BIT)";
				CLANG_ENABLE_OBJC_ARC = YES;
				"CODE_SIGN_IDENTITY[sdk=iphoneos*]" = "iPhone Developer";
				COPY_PHASE_STRIP = YES;
				GCC_C_LANGUAGE_STANDARD = gnu99;
				GCC_VERSION = com.apple.compilers.llvm.clang.1_0;
				GCC_WARN_ABOUT_RETURN_TYPE = YES;
				GCC_WARN_UNINITIALIZED_AUTOS = YES;
				GCC_WARN_UNUSED_VARIABLE = YES;
				IPHONEOS_DEPLOYMENT_TARGET = 5.1;
				OTHER_CFLAGS = "-DNS_BLOCK_ASSERTIONS=1";
				SDKROOT = iphoneos;
				VALIDATE_PRODUCT = YES;
			};
			name = Release;
		};
		84BA845D152512C500AC6A9D /* Debug */ = {
			isa = XCBuildConfiguration;
			buildSettings = {
				GCC_PRECOMPILE_PREFIX_HEADER = YES;
				GCC_PREFIX_HEADER = "March29/March29-Prefix.pch";
				INFOPLIST_FILE = "March29/March29-Info.plist";
				PRODUCT_NAME = "$(TARGET_NAME)";
				WRAPPER_EXTENSION = app;
			};
			name = Debug;
		};
		84BA845E152512C500AC6A9D /* Release */ = {
			isa = XCBuildConfiguration;
			buildSettings = {
				GCC_PRECOMPILE_PREFIX_HEADER = YES;
				GCC_PREFIX_HEADER = "March29/March29-Prefix.pch";
				INFOPLIST_FILE = "March29/March29-Info.plist";
				PRODUCT_NAME = "$(TARGET_NAME)";
				WRAPPER_EXTENSION = app;
			};
			name = Release;
		};
/* End XCBuildConfiguration section */

/* Begin XCConfigurationList section */
		84BA843E152512C500AC6A9D /* Build configuration list for PBXProject "March29" */ = {
			isa = XCConfigurationList;
			buildConfigurations = (
				84BA845A152512C500AC6A9D /* Debug */,
				84BA845B152512C500AC6A9D /* Release */,
			);
			defaultConfigurationIsVisible = 0;
			defaultConfigurationName = Release;
		};
		84BA845C152512C500AC6A9D /* Build configuration list for PBXNativeTarget "March29" */ = {
			isa = XCConfigurationList;
			buildConfigurations = (
				84BA845D152512C500AC6A9D /* Debug */,
				84BA845E152512C500AC6A9D /* Release */,
			);
			defaultConfigurationIsVisible = 0;
		};
/* End XCConfigurationList section */
	};
	rootObject = 84BA843B152512C500AC6A9D /* Project object */;
}
